// !$*UTF8*$!
{
	archiveVersion = 1;
	classes = {
	};
	objectVersion = 46;
	objects = {

/* Begin PBXBuildFile section */
		B62394B61F50179500506A9F /* PlatformCore.framework in Frameworks */ = {isa = PBXBuildFile; fileRef = B62394AC1F50179500506A9F /* PlatformCore.framework */; };
		B62394BB1F50179500506A9F /* PlatformCoreTests.swift in Sources */ = {isa = PBXBuildFile; fileRef = B62394BA1F50179500506A9F /* PlatformCoreTests.swift */; };
		B62394BD1F50179500506A9F /* PlatformCore.h in Headers */ = {isa = PBXBuildFile; fileRef = B62394AF1F50179500506A9F /* PlatformCore.h */; settings = {ATTRIBUTES = (Public, ); }; };
		B62394C71F501A0400506A9F /* Core.swift in Sources */ = {isa = PBXBuildFile; fileRef = B62394C61F501A0400506A9F /* Core.swift */; };
		B62394C91F501B9700506A9F /* PlatformCoreReleaseTests.swift in Sources */ = {isa = PBXBuildFile; fileRef = B62394C81F501B9700506A9F /* PlatformCoreReleaseTests.swift */; };
		B62394D11F501E4400506A9F /* DebugConfig.xcconfig in Resources */ = {isa = PBXBuildFile; fileRef = B62394D01F501E4400506A9F /* DebugConfig.xcconfig */; };
		B62394D31F501E6D00506A9F /* ReleaseConfig.xcconfig in Resources */ = {isa = PBXBuildFile; fileRef = B62394D21F501E6D00506A9F /* ReleaseConfig.xcconfig */; };
		B62394D51F501EF600506A9F /* ReleaseEnvironmentTest.xcconfig in Resources */ = {isa = PBXBuildFile; fileRef = B62394D41F501EF600506A9F /* ReleaseEnvironmentTest.xcconfig */; };
/* End PBXBuildFile section */

/* Begin PBXContainerItemProxy section */
		B62394B71F50179500506A9F /* PBXContainerItemProxy */ = {
			isa = PBXContainerItemProxy;
			containerPortal = B62394A31F50179500506A9F /* Project object */;
			proxyType = 1;
			remoteGlobalIDString = B62394AB1F50179500506A9F;
			remoteInfo = PlatformCore;
		};
/* End PBXContainerItemProxy section */

/* Begin PBXFileReference section */
		B62394AC1F50179500506A9F /* PlatformCore.framework */ = {isa = PBXFileReference; explicitFileType = wrapper.framework; includeInIndex = 0; path = PlatformCore.framework; sourceTree = BUILT_PRODUCTS_DIR; };
		B62394AF1F50179500506A9F /* PlatformCore.h */ = {isa = PBXFileReference; lastKnownFileType = sourcecode.c.h; path = PlatformCore.h; sourceTree = "<group>"; };
		B62394B01F50179500506A9F /* Info.plist */ = {isa = PBXFileReference; lastKnownFileType = text.plist.xml; path = Info.plist; sourceTree = "<group>"; };
		B62394B51F50179500506A9F /* PlatformCoreTests.xctest */ = {isa = PBXFileReference; explicitFileType = wrapper.cfbundle; includeInIndex = 0; path = PlatformCoreTests.xctest; sourceTree = BUILT_PRODUCTS_DIR; };
		B62394BA1F50179500506A9F /* PlatformCoreTests.swift */ = {isa = PBXFileReference; lastKnownFileType = sourcecode.swift; path = PlatformCoreTests.swift; sourceTree = "<group>"; };
		B62394BC1F50179500506A9F /* Info.plist */ = {isa = PBXFileReference; lastKnownFileType = text.plist.xml; path = Info.plist; sourceTree = "<group>"; };
		B62394C61F501A0400506A9F /* Core.swift */ = {isa = PBXFileReference; fileEncoding = 4; lastKnownFileType = sourcecode.swift; path = Core.swift; sourceTree = "<group>"; };
		B62394C81F501B9700506A9F /* PlatformCoreReleaseTests.swift */ = {isa = PBXFileReference; fileEncoding = 4; lastKnownFileType = sourcecode.swift; path = PlatformCoreReleaseTests.swift; sourceTree = "<group>"; };
		B62394D01F501E4400506A9F /* DebugConfig.xcconfig */ = {isa = PBXFileReference; fileEncoding = 4; lastKnownFileType = text.xcconfig; path = DebugConfig.xcconfig; sourceTree = "<group>"; };
		B62394D21F501E6D00506A9F /* ReleaseConfig.xcconfig */ = {isa = PBXFileReference; fileEncoding = 4; lastKnownFileType = text.xcconfig; path = ReleaseConfig.xcconfig; sourceTree = "<group>"; };
		B62394D41F501EF600506A9F /* ReleaseEnvironmentTest.xcconfig */ = {isa = PBXFileReference; fileEncoding = 4; lastKnownFileType = text.xcconfig; path = ReleaseEnvironmentTest.xcconfig; sourceTree = "<group>"; };
/* End PBXFileReference section */

/* Begin PBXFrameworksBuildPhase section */
		B62394A81F50179500506A9F /* Frameworks */ = {
			isa = PBXFrameworksBuildPhase;
			buildActionMask = 2147483647;
			files = (
			);
			runOnlyForDeploymentPostprocessing = 0;
		};
		B62394B21F50179500506A9F /* Frameworks */ = {
			isa = PBXFrameworksBuildPhase;
			buildActionMask = 2147483647;
			files = (
				B62394B61F50179500506A9F /* PlatformCore.framework in Frameworks */,
			);
			runOnlyForDeploymentPostprocessing = 0;
		};
/* End PBXFrameworksBuildPhase section */

/* Begin PBXGroup section */
		B62394A21F50179500506A9F = {
			isa = PBXGroup;
			children = (
				B62394D41F501EF600506A9F /* ReleaseEnvironmentTest.xcconfig */,
				B62394D21F501E6D00506A9F /* ReleaseConfig.xcconfig */,
				B62394D01F501E4400506A9F /* DebugConfig.xcconfig */,
				B62394AE1F50179500506A9F /* PlatformCore */,
				B62394B91F50179500506A9F /* PlatformCoreTests */,
				B62394AD1F50179500506A9F /* Products */,
			);
			sourceTree = "<group>";
		};
		B62394AD1F50179500506A9F /* Products */ = {
			isa = PBXGroup;
			children = (
				B62394AC1F50179500506A9F /* PlatformCore.framework */,
				B62394B51F50179500506A9F /* PlatformCoreTests.xctest */,
			);
			name = Products;
			sourceTree = "<group>";
		};
		B62394AE1F50179500506A9F /* PlatformCore */ = {
			isa = PBXGroup;
			children = (
				B62394AF1F50179500506A9F /* PlatformCore.h */,
				B62394B01F50179500506A9F /* Info.plist */,
				B62394C61F501A0400506A9F /* Core.swift */,
			);
			path = PlatformCore;
			sourceTree = "<group>";
		};
		B62394B91F50179500506A9F /* PlatformCoreTests */ = {
			isa = PBXGroup;
			children = (
				B62394BA1F50179500506A9F /* PlatformCoreTests.swift */,
				B62394BC1F50179500506A9F /* Info.plist */,
				B62394C81F501B9700506A9F /* PlatformCoreReleaseTests.swift */,
			);
			path = PlatformCoreTests;
			sourceTree = "<group>";
		};
/* End PBXGroup section */

/* Begin PBXHeadersBuildPhase section */
		B62394A91F50179500506A9F /* Headers */ = {
			isa = PBXHeadersBuildPhase;
			buildActionMask = 2147483647;
			files = (
				B62394BD1F50179500506A9F /* PlatformCore.h in Headers */,
			);
			runOnlyForDeploymentPostprocessing = 0;
		};
/* End PBXHeadersBuildPhase section */

/* Begin PBXNativeTarget section */
		B62394AB1F50179500506A9F /* PlatformCore */ = {
			isa = PBXNativeTarget;
			buildConfigurationList = B62394C01F50179500506A9F /* Build configuration list for PBXNativeTarget "PlatformCore" */;
			buildPhases = (
				B62394A71F50179500506A9F /* Sources */,
				B62394A81F50179500506A9F /* Frameworks */,
				B62394A91F50179500506A9F /* Headers */,
				B62394AA1F50179500506A9F /* Resources */,
			);
			buildRules = (
			);
			dependencies = (
			);
			name = PlatformCore;
			productName = PlatformCore;
			productReference = B62394AC1F50179500506A9F /* PlatformCore.framework */;
			productType = "com.apple.product-type.framework";
		};
		B62394B41F50179500506A9F /* PlatformCoreTests */ = {
			isa = PBXNativeTarget;
			buildConfigurationList = B62394C31F50179500506A9F /* Build configuration list for PBXNativeTarget "PlatformCoreTests" */;
			buildPhases = (
				B62394B11F50179500506A9F /* Sources */,
				B62394B21F50179500506A9F /* Frameworks */,
				B62394B31F50179500506A9F /* Resources */,
			);
			buildRules = (
			);
			dependencies = (
				B62394B81F50179500506A9F /* PBXTargetDependency */,
			);
			name = PlatformCoreTests;
			productName = PlatformCoreTests;
			productReference = B62394B51F50179500506A9F /* PlatformCoreTests.xctest */;
			productType = "com.apple.product-type.bundle.unit-test";
		};
/* End PBXNativeTarget section */

/* Begin PBXProject section */
		B62394A31F50179500506A9F /* Project object */ = {
			isa = PBXProject;
			attributes = {
				LastSwiftUpdateCheck = 0820;
				LastUpgradeCheck = 0820;
				ORGANIZATIONNAME = luvio;
				TargetAttributes = {
					B62394AB1F50179500506A9F = {
						CreatedOnToolsVersion = 8.2.1;
						LastSwiftMigration = 0820;
						ProvisioningStyle = Automatic;
					};
					B62394B41F50179500506A9F = {
						CreatedOnToolsVersion = 8.2.1;
						DevelopmentTeam = F7RD653Z7N;
						ProvisioningStyle = Automatic;
					};
				};
			};
			buildConfigurationList = B62394A61F50179500506A9F /* Build configuration list for PBXProject "PlatformCore" */;
			compatibilityVersion = "Xcode 3.2";
			developmentRegion = English;
			hasScannedForEncodings = 0;
			knownRegions = (
				en,
			);
			mainGroup = B62394A21F50179500506A9F;
			productRefGroup = B62394AD1F50179500506A9F /* Products */;
			projectDirPath = "";
			projectRoot = "";
			targets = (
				B62394AB1F50179500506A9F /* PlatformCore */,
				B62394B41F50179500506A9F /* PlatformCoreTests */,
			);
		};
/* End PBXProject section */

/* Begin PBXResourcesBuildPhase section */
		B62394AA1F50179500506A9F /* Resources */ = {
			isa = PBXResourcesBuildPhase;
			buildActionMask = 2147483647;
			files = (
				B62394D31F501E6D00506A9F /* ReleaseConfig.xcconfig in Resources */,
				B62394D51F501EF600506A9F /* ReleaseEnvironmentTest.xcconfig in Resources */,
				B62394D11F501E4400506A9F /* DebugConfig.xcconfig in Resources */,
			);
			runOnlyForDeploymentPostprocessing = 0;
		};
		B62394B31F50179500506A9F /* Resources */ = {
			isa = PBXResourcesBuildPhase;
			buildActionMask = 2147483647;
			files = (
			);
			runOnlyForDeploymentPostprocessing = 0;
		};
/* End PBXResourcesBuildPhase section */

/* Begin PBXSourcesBuildPhase section */
		B62394A71F50179500506A9F /* Sources */ = {
			isa = PBXSourcesBuildPhase;
			buildActionMask = 2147483647;
			files = (
				B62394C71F501A0400506A9F /* Core.swift in Sources */,
			);
			runOnlyForDeploymentPostprocessing = 0;
		};
		B62394B11F50179500506A9F /* Sources */ = {
			isa = PBXSourcesBuildPhase;
			buildActionMask = 2147483647;
			files = (
				B62394BB1F50179500506A9F /* PlatformCoreTests.swift in Sources */,
				B62394C91F501B9700506A9F /* PlatformCoreReleaseTests.swift in Sources */,
			);
			runOnlyForDeploymentPostprocessing = 0;
		};
/* End PBXSourcesBuildPhase section */

/* Begin PBXTargetDependency section */
		B62394B81F50179500506A9F /* PBXTargetDependency */ = {
			isa = PBXTargetDependency;
			target = B62394AB1F50179500506A9F /* PlatformCore */;
			targetProxy = B62394B71F50179500506A9F /* PBXContainerItemProxy */;
		};
/* End PBXTargetDependency section */

/* Begin XCBuildConfiguration section */
		B62394BE1F50179500506A9F /* Debug */ = {
			isa = XCBuildConfiguration;
			baseConfigurationReference = B62394D01F501E4400506A9F /* DebugConfig.xcconfig */;
			buildSettings = {
				ALWAYS_SEARCH_USER_PATHS = NO;
				CLANG_ANALYZER_NONNULL = YES;
				CLANG_CXX_LANGUAGE_STANDARD = "gnu++0x";
				CLANG_CXX_LIBRARY = "libc++";
				CLANG_ENABLE_MODULES = YES;
				CLANG_ENABLE_OBJC_ARC = YES;
				CLANG_WARN_BOOL_CONVERSION = YES;
				CLANG_WARN_CONSTANT_CONVERSION = YES;
				CLANG_WARN_DIRECT_OBJC_ISA_USAGE = YES_ERROR;
				CLANG_WARN_DOCUMENTATION_COMMENTS = YES;
				CLANG_WARN_EMPTY_BODY = YES;
				CLANG_WARN_ENUM_CONVERSION = YES;
				CLANG_WARN_INFINITE_RECURSION = YES;
				CLANG_WARN_INT_CONVERSION = YES;
				CLANG_WARN_OBJC_ROOT_CLASS = YES_ERROR;
				CLANG_WARN_SUSPICIOUS_MOVE = YES;
				CLANG_WARN_UNREACHABLE_CODE = YES;
				CLANG_WARN__DUPLICATE_METHOD_MATCH = YES;
				"CODE_SIGN_IDENTITY[sdk=iphoneos*]" = "iPhone Developer";
				COPY_PHASE_STRIP = NO;
				CURRENT_PROJECT_VERSION = 1;
				DEBUG_INFORMATION_FORMAT = dwarf;
				ENABLE_STRICT_OBJC_MSGSEND = YES;
				ENABLE_TESTABILITY = YES;
				GCC_C_LANGUAGE_STANDARD = gnu99;
				GCC_DYNAMIC_NO_PIC = NO;
				GCC_NO_COMMON_BLOCKS = YES;
				GCC_OPTIMIZATION_LEVEL = 0;
				GCC_PREPROCESSOR_DEFINITIONS = (
					"DEBUG=1",
					"$(inherited)",
				);
				GCC_WARN_64_TO_32_BIT_CONVERSION = YES;
				GCC_WARN_ABOUT_RETURN_TYPE = YES_ERROR;
				GCC_WARN_UNDECLARED_SELECTOR = YES;
				GCC_WARN_UNINITIALIZED_AUTOS = YES_AGGRESSIVE;
				GCC_WARN_UNUSED_FUNCTION = YES;
				GCC_WARN_UNUSED_VARIABLE = YES;
				IPHONEOS_DEPLOYMENT_TARGET = 10.2;
				MTL_ENABLE_DEBUG_INFO = YES;
				ONLY_ACTIVE_ARCH = YES;
				SDKROOT = iphoneos;
				SWIFT_ACTIVE_COMPILATION_CONDITIONS = DEBUG;
				SWIFT_OPTIMIZATION_LEVEL = "-Onone";
				TARGETED_DEVICE_FAMILY = "1,2";
				VERSIONING_SYSTEM = "apple-generic";
				VERSION_INFO_PREFIX = "";
			};
			name = Debug;
		};
		B62394BF1F50179500506A9F /* Release */ = {
			isa = XCBuildConfiguration;
			baseConfigurationReference = B62394D21F501E6D00506A9F /* ReleaseConfig.xcconfig */;
			buildSettings = {
				ALWAYS_SEARCH_USER_PATHS = NO;
				CLANG_ANALYZER_NONNULL = YES;
				CLANG_CXX_LANGUAGE_STANDARD = "gnu++0x";
				CLANG_CXX_LIBRARY = "libc++";
				CLANG_ENABLE_MODULES = YES;
				CLANG_ENABLE_OBJC_ARC = YES;
				CLANG_WARN_BOOL_CONVERSION = YES;
				CLANG_WARN_CONSTANT_CONVERSION = YES;
				CLANG_WARN_DIRECT_OBJC_ISA_USAGE = YES_ERROR;
				CLANG_WARN_DOCUMENTATION_COMMENTS = YES;
				CLANG_WARN_EMPTY_BODY = YES;
				CLANG_WARN_ENUM_CONVERSION = YES;
				CLANG_WARN_INFINITE_RECURSION = YES;
				CLANG_WARN_INT_CONVERSION = YES;
				CLANG_WARN_OBJC_ROOT_CLASS = YES_ERROR;
				CLANG_WARN_SUSPICIOUS_MOVE = YES;
				CLANG_WARN_UNREACHABLE_CODE = YES;
				CLANG_WARN__DUPLICATE_METHOD_MATCH = YES;
				"CODE_SIGN_IDENTITY[sdk=iphoneos*]" = "iPhone Developer";
				COPY_PHASE_STRIP = NO;
				CURRENT_PROJECT_VERSION = 1;
				DEBUG_INFORMATION_FORMAT = "dwarf-with-dsym";
				ENABLE_NS_ASSERTIONS = NO;
				ENABLE_STRICT_OBJC_MSGSEND = YES;
				GCC_C_LANGUAGE_STANDARD = gnu99;
				GCC_NO_COMMON_BLOCKS = YES;
				GCC_WARN_64_TO_32_BIT_CONVERSION = YES;
				GCC_WARN_ABOUT_RETURN_TYPE = YES_ERROR;
				GCC_WARN_UNDECLARED_SELECTOR = YES;
				GCC_WARN_UNINITIALIZED_AUTOS = YES_AGGRESSIVE;
				GCC_WARN_UNUSED_FUNCTION = YES;
				GCC_WARN_UNUSED_VARIABLE = YES;
				IPHONEOS_DEPLOYMENT_TARGET = 10.2;
				MTL_ENABLE_DEBUG_INFO = NO;
				SDKROOT = iphoneos;
				SWIFT_OPTIMIZATION_LEVEL = "-Owholemodule";
				TARGETED_DEVICE_FAMILY = "1,2";
				VALIDATE_PRODUCT = YES;
				VERSIONING_SYSTEM = "apple-generic";
				VERSION_INFO_PREFIX = "";
			};
			name = Release;
		};
		B62394C11F50179500506A9F /* Debug */ = {
			isa = XCBuildConfiguration;
			baseConfigurationReference = B62394D01F501E4400506A9F /* DebugConfig.xcconfig */;
			buildSettings = {
				CLANG_ENABLE_MODULES = YES;
				CODE_SIGN_IDENTITY = "";
				DEFINES_MODULE = YES;
				DYLIB_COMPATIBILITY_VERSION = 1;
				DYLIB_CURRENT_VERSION = 1;
				DYLIB_INSTALL_NAME_BASE = "@rpath";
				INFOPLIST_FILE = PlatformCore/Info.plist;
				INSTALL_PATH = "$(LOCAL_LIBRARY_DIR)/Frameworks";
				LD_RUNPATH_SEARCH_PATHS = "$(inherited) @executable_path/Frameworks @loader_path/Frameworks";
				PRODUCT_BUNDLE_IDENTIFIER = com.luvio.ios.PlatformCore;
				PRODUCT_NAME = "$(TARGET_NAME)";
				SKIP_INSTALL = YES;
				SWIFT_OPTIMIZATION_LEVEL = "-Onone";
				SWIFT_VERSION = 3.0;
			};
			name = Debug;
		};
		B62394C21F50179500506A9F /* Release */ = {
			isa = XCBuildConfiguration;
			baseConfigurationReference = B62394D21F501E6D00506A9F /* ReleaseConfig.xcconfig */;
			buildSettings = {
				CLANG_ENABLE_MODULES = YES;
				CODE_SIGN_IDENTITY = "";
				DEFINES_MODULE = YES;
				DYLIB_COMPATIBILITY_VERSION = 1;
				DYLIB_CURRENT_VERSION = 1;
				DYLIB_INSTALL_NAME_BASE = "@rpath";
				INFOPLIST_FILE = PlatformCore/Info.plist;
				INSTALL_PATH = "$(LOCAL_LIBRARY_DIR)/Frameworks";
				LD_RUNPATH_SEARCH_PATHS = "$(inherited) @executable_path/Frameworks @loader_path/Frameworks";
				PRODUCT_BUNDLE_IDENTIFIER = com.luvio.ios.PlatformCore;
				PRODUCT_NAME = "$(TARGET_NAME)";
				SKIP_INSTALL = YES;
				SWIFT_VERSION = 3.0;
			};
			name = Release;
		};
		B62394C41F50179500506A9F /* Debug */ = {
			isa = XCBuildConfiguration;
			baseConfigurationReference = B62394D01F501E4400506A9F /* DebugConfig.xcconfig */;
			buildSettings = {
				ALWAYS_EMBED_SWIFT_STANDARD_LIBRARIES = YES;
				DEVELOPMENT_TEAM = F7RD653Z7N;
				INFOPLIST_FILE = PlatformCoreTests/Info.plist;
				LD_RUNPATH_SEARCH_PATHS = "$(inherited) @executable_path/Frameworks @loader_path/Frameworks";
				PRODUCT_BUNDLE_IDENTIFIER = com.luvio.ios.PlatformCoreTests;
				PRODUCT_NAME = "$(TARGET_NAME)";
				SWIFT_VERSION = 3.0;
			};
			name = Debug;
		};
		B62394C51F50179500506A9F /* Release */ = {
			isa = XCBuildConfiguration;
			baseConfigurationReference = B62394D21F501E6D00506A9F /* ReleaseConfig.xcconfig */;
			buildSettings = {
				ALWAYS_EMBED_SWIFT_STANDARD_LIBRARIES = YES;
				DEVELOPMENT_TEAM = F7RD653Z7N;
				INFOPLIST_FILE = PlatformCoreTests/Info.plist;
				LD_RUNPATH_SEARCH_PATHS = "$(inherited) @executable_path/Frameworks @loader_path/Frameworks";
				PRODUCT_BUNDLE_IDENTIFIER = com.luvio.ios.PlatformCoreTests;
				PRODUCT_NAME = "$(TARGET_NAME)";
				SWIFT_VERSION = 3.0;
			};
			name = Release;
		};
		B62394D61F501F0E00506A9F /* ReleaseEnvironmentTest */ = {
			isa = XCBuildConfiguration;
			baseConfigurationReference = B62394D41F501EF600506A9F /* ReleaseEnvironmentTest.xcconfig */;
			buildSettings = {
				ALWAYS_SEARCH_USER_PATHS = NO;
				CLANG_ANALYZER_NONNULL = YES;
				CLANG_CXX_LANGUAGE_STANDARD = "gnu++0x";
				CLANG_CXX_LIBRARY = "libc++";
				CLANG_ENABLE_MODULES = YES;
				CLANG_ENABLE_OBJC_ARC = YES;
				CLANG_WARN_BOOL_CONVERSION = YES;
				CLANG_WARN_CONSTANT_CONVERSION = YES;
				CLANG_WARN_DIRECT_OBJC_ISA_USAGE = YES_ERROR;
				CLANG_WARN_DOCUMENTATION_COMMENTS = YES;
				CLANG_WARN_EMPTY_BODY = YES;
				CLANG_WARN_ENUM_CONVERSION = YES;
				CLANG_WARN_INFINITE_RECURSION = YES;
				CLANG_WARN_INT_CONVERSION = YES;
				CLANG_WARN_OBJC_ROOT_CLASS = YES_ERROR;
				CLANG_WARN_SUSPICIOUS_MOVE = YES;
				CLANG_WARN_UNREACHABLE_CODE = YES;
				CLANG_WARN__DUPLICATE_METHOD_MATCH = YES;
				"CODE_SIGN_IDENTITY[sdk=iphoneos*]" = "iPhone Developer";
				COPY_PHASE_STRIP = NO;
				CURRENT_PROJECT_VERSION = 1;
				DEBUG_INFORMATION_FORMAT = "dwarf-with-dsym";
				ENABLE_NS_ASSERTIONS = NO;
				ENABLE_STRICT_OBJC_MSGSEND = YES;
				ENABLE_TESTABILITY = YES;
				GCC_C_LANGUAGE_STANDARD = gnu99;
				GCC_NO_COMMON_BLOCKS = YES;
				GCC_WARN_64_TO_32_BIT_CONVERSION = YES;
				GCC_WARN_ABOUT_RETURN_TYPE = YES_ERROR;
				GCC_WARN_UNDECLARED_SELECTOR = YES;
				GCC_WARN_UNINITIALIZED_AUTOS = YES_AGGRESSIVE;
				GCC_WARN_UNUSED_FUNCTION = YES;
				GCC_WARN_UNUSED_VARIABLE = YES;
				IPHONEOS_DEPLOYMENT_TARGET = 10.2;
				MTL_ENABLE_DEBUG_INFO = NO;
				SDKROOT = iphoneos;
				SWIFT_OPTIMIZATION_LEVEL = "-Owholemodule";
				TARGETED_DEVICE_FAMILY = "1,2";
				VALIDATE_PRODUCT = YES;
				VERSIONING_SYSTEM = "apple-generic";
				VERSION_INFO_PREFIX = "";
			};
			name = ReleaseEnvironmentTest;
		};
		B62394D71F501F0E00506A9F /* ReleaseEnvironmentTest */ = {
			isa = XCBuildConfiguration;
			baseConfigurationReference = B62394D41F501EF600506A9F /* ReleaseEnvironmentTest.xcconfig */;
			buildSettings = {
				CLANG_ENABLE_MODULES = YES;
				CODE_SIGN_IDENTITY = "";
				DEFINES_MODULE = YES;
				DYLIB_COMPATIBILITY_VERSION = 1;
				DYLIB_CURRENT_VERSION = 1;
				DYLIB_INSTALL_NAME_BASE = "@rpath";
				INFOPLIST_FILE = PlatformCore/Info.plist;
				INSTALL_PATH = "$(LOCAL_LIBRARY_DIR)/Frameworks";
				LD_RUNPATH_SEARCH_PATHS = "$(inherited) @executable_path/Frameworks @loader_path/Frameworks";
				PRODUCT_BUNDLE_IDENTIFIER = com.luvio.ios.PlatformCore;
				PRODUCT_NAME = "$(TARGET_NAME)";
				SKIP_INSTALL = YES;
				SWIFT_VERSION = 3.0;
			};
			name = ReleaseEnvironmentTest;
		};
		B62394D81F501F0E00506A9F /* ReleaseEnvironmentTest */ = {
			isa = XCBuildConfiguration;
			baseConfigurationReference = B62394D41F501EF600506A9F /* ReleaseEnvironmentTest.xcconfig */;
			buildSettings = {
				ALWAYS_EMBED_SWIFT_STANDARD_LIBRARIES = YES;
				DEVELOPMENT_TEAM = F7RD653Z7N;
				INFOPLIST_FILE = PlatformCoreTests/Info.plist;
				LD_RUNPATH_SEARCH_PATHS = "$(inherited) @executable_path/Frameworks @loader_path/Frameworks";
				PRODUCT_BUNDLE_IDENTIFIER = com.luvio.ios.PlatformCoreTests;
				PRODUCT_NAME = "$(TARGET_NAME)";
				SWIFT_VERSION = 3.0;
			};
			name = ReleaseEnvironmentTest;
		};
/* End XCBuildConfiguration section */

/* Begin XCConfigurationList section */
		B62394A61F50179500506A9F /* Build configuration list for PBXProject "PlatformCore" */ = {
			isa = XCConfigurationList;
			buildConfigurations = (
				B62394BE1F50179500506A9F /* Debug */,
				B62394BF1F50179500506A9F /* Release */,
				B62394D61F501F0E00506A9F /* ReleaseEnvironmentTest */,
			);
			defaultConfigurationIsVisible = 0;
			defaultConfigurationName = Release;
		};
		B62394C01F50179500506A9F /* Build configuration list for PBXNativeTarget "PlatformCore" */ = {
			isa = XCConfigurationList;
			buildConfigurations = (
				B62394C11F50179500506A9F /* Debug */,
				B62394C21F50179500506A9F /* Release */,
				B62394D71F501F0E00506A9F /* ReleaseEnvironmentTest */,
			);
			defaultConfigurationIsVisible = 0;
		};
		B62394C31F50179500506A9F /* Build configuration list for PBXNativeTarget "PlatformCoreTests" */ = {
			isa = XCConfigurationList;
			buildConfigurations = (
				B62394C41F50179500506A9F /* Debug */,
				B62394C51F50179500506A9F /* Release */,
				B62394D81F501F0E00506A9F /* ReleaseEnvironmentTest */,
			);
			defaultConfigurationIsVisible = 0;
		};
/* End XCConfigurationList section */
	};
	rootObject = B62394A31F50179500506A9F /* Project object */;
}
